
Microsoft Visual Studio Solution File, Format Version 12.00
# Visual Studio Version 16
VisualStudioVersion = 16.0.31410.357
MinimumVisualStudioVersion = 10.0.40219.1
Project("{FAE04EC0-301F-11D3-BF4B-00C04F79EFBC}") = "projectdatabase", "projectdatabase\projectdatabase.csproj", "{C761E56B-7EA0-4BE0-A041-D744C42C44C2}"
EndProject
Global
	GlobalSection(SolutionConfigurationPlatforms) = preSolution
		Debug|Any CPU = Debug|Any CPU
		Release|Any CPU = Release|Any CPU
	EndGlobalSection
	GlobalSection(ProjectConfigurationPlatforms) = postSolution
		{C761E56B-7EA0-4BE0-A041-D744C42C44C2}.Debug|Any CPU.ActiveCfg = Debug|Any CPU
		{C761E56B-7EA0-4BE0-A041-D744C42C44C2}.Debug|Any CPU.Build.0 = Debug|Any CPU
		{C761E56B-7EA0-4BE0-A041-D744C42C44C2}.Release|Any CPU.ActiveCfg = Release|Any CPU
		{C761E56B-7EA0-4BE0-A041-D744C42C44C2}.Release|Any CPU.Build.0 = Release|Any CPU
	EndGlobalSection
	GlobalSection(SolutionProperties) = preSolution
		HideSolutionNode = FALSE
	EndGlobalSection
	GlobalSection(ExtensibilityGlobals) = postSolution
		SolutionGuid = {BEACA894-1E5A-4F99-8A44-30F6573BECE2}
	EndGlobalSection
EndGlobal
